// !$*UTF8*$!
{
	archiveVersion = 1;
	classes = {
	};
	objectVersion = 55;
	objects = {

/* Begin PBXBuildFile section */
		CEEB246128587B0C00E8237E /* AppDelegate.swift in Sources */ = {isa = PBXBuildFile; fileRef = CEEB246028587B0C00E8237E /* AppDelegate.swift */; };
		CEEB246328587B0C00E8237E /* SceneDelegate.swift in Sources */ = {isa = PBXBuildFile; fileRef = CEEB246228587B0C00E8237E /* SceneDelegate.swift */; };
		CEEB246528587B0C00E8237E /* ViewController.swift in Sources */ = {isa = PBXBuildFile; fileRef = CEEB246428587B0C00E8237E /* ViewController.swift */; };
		CEEB246A28587B1100E8237E /* Assets.xcassets in Resources */ = {isa = PBXBuildFile; fileRef = CEEB246928587B1100E8237E /* Assets.xcassets */; };
		CEEB246D28587B1100E8237E /* LaunchScreen.storyboard in Resources */ = {isa = PBXBuildFile; fileRef = CEEB246B28587B1100E8237E /* LaunchScreen.storyboard */; };
		CEEB247728589A0D00E8237E /* transactionTableViewCell.swift in Sources */ = {isa = PBXBuildFile; fileRef = CEEB247528589A0D00E8237E /* transactionTableViewCell.swift */; };
		CEEB247828589A0D00E8237E /* transactionTableViewCell.xib in Resources */ = {isa = PBXBuildFile; fileRef = CEEB247628589A0D00E8237E /* transactionTableViewCell.xib */; };
		CEEB247B2858A2A300E8237E /* Customer.swift in Sources */ = {isa = PBXBuildFile; fileRef = CEEB247A2858A2A300E8237E /* Customer.swift */; };
		CEEB247E2858C28000E8237E /* SendViewController.swift in Sources */ = {isa = PBXBuildFile; fileRef = CEEB247D2858C28000E8237E /* SendViewController.swift */; };
		CEEB24802858C2A500E8237E /* HistoryViewController.swift in Sources */ = {isa = PBXBuildFile; fileRef = CEEB247F2858C2A500E8237E /* HistoryViewController.swift */; };
		CEEB24822858C2BF00E8237E /* ScheduledViewController.swift in Sources */ = {isa = PBXBuildFile; fileRef = CEEB24812858C2BF00E8237E /* ScheduledViewController.swift */; };
/* End PBXBuildFile section */

/* Begin PBXFileReference section */
		CEEB245D28587B0C00E8237E /* historyPageCode.app */ = {isa = PBXFileReference; explicitFileType = wrapper.application; includeInIndex = 0; path = historyPageCode.app; sourceTree = BUILT_PRODUCTS_DIR; };
		CEEB246028587B0C00E8237E /* AppDelegate.swift */ = {isa = PBXFileReference; lastKnownFileType = sourcecode.swift; path = AppDelegate.swift; sourceTree = "<group>"; };
		CEEB246228587B0C00E8237E /* SceneDelegate.swift */ = {isa = PBXFileReference; lastKnownFileType = sourcecode.swift; path = SceneDelegate.swift; sourceTree = "<group>"; };
		CEEB246428587B0C00E8237E /* ViewController.swift */ = {isa = PBXFileReference; lastKnownFileType = sourcecode.swift; path = ViewController.swift; sourceTree = "<group>"; };
		CEEB246928587B1100E8237E /* Assets.xcassets */ = {isa = PBXFileReference; lastKnownFileType = folder.assetcatalog; path = Assets.xcassets; sourceTree = "<group>"; };
		CEEB246C28587B1100E8237E /* Base */ = {isa = PBXFileReference; lastKnownFileType = file.storyboard; name = Base; path = Base.lproj/LaunchScreen.storyboard; sourceTree = "<group>"; };
		CEEB246E28587B1100E8237E /* Info.plist */ = {isa = PBXFileReference; lastKnownFileType = text.plist.xml; path = Info.plist; sourceTree = "<group>"; };
		CEEB247528589A0D00E8237E /* transactionTableViewCell.swift */ = {isa = PBXFileReference; lastKnownFileType = sourcecode.swift; path = transactionTableViewCell.swift; sourceTree = "<group>"; };
		CEEB247628589A0D00E8237E /* transactionTableViewCell.xib */ = {isa = PBXFileReference; lastKnownFileType = file.xib; path = transactionTableViewCell.xib; sourceTree = "<group>"; };
		CEEB247A2858A2A300E8237E /* Customer.swift */ = {isa = PBXFileReference; lastKnownFileType = sourcecode.swift; path = Customer.swift; sourceTree = "<group>"; };
		CEEB247D2858C28000E8237E /* SendViewController.swift */ = {isa = PBXFileReference; lastKnownFileType = sourcecode.swift; path = SendViewController.swift; sourceTree = "<group>"; };
		CEEB247F2858C2A500E8237E /* HistoryViewController.swift */ = {isa = PBXFileReference; lastKnownFileType = sourcecode.swift; path = HistoryViewController.swift; sourceTree = "<group>"; };
		CEEB24812858C2BF00E8237E /* ScheduledViewController.swift */ = {isa = PBXFileReference; lastKnownFileType = sourcecode.swift; path = ScheduledViewController.swift; sourceTree = "<group>"; };
/* End PBXFileReference section */

/* Begin PBXFrameworksBuildPhase section */
		CEEB245A28587B0C00E8237E /* Frameworks */ = {
			isa = PBXFrameworksBuildPhase;
			buildActionMask = 2147483647;
			files = (
			);
			runOnlyForDeploymentPostprocessing = 0;
		};
/* End PBXFrameworksBuildPhase section */

/* Begin PBXGroup section */
		CEEB245428587B0C00E8237E = {
			isa = PBXGroup;
			children = (
				CEEB245F28587B0C00E8237E /* historyPageCode */,
				CEEB245E28587B0C00E8237E /* Products */,
			);
			sourceTree = "<group>";
		};
		CEEB245E28587B0C00E8237E /* Products */ = {
			isa = PBXGroup;
			children = (
				CEEB245D28587B0C00E8237E /* historyPageCode.app */,
			);
			name = Products;
			sourceTree = "<group>";
		};
		CEEB245F28587B0C00E8237E /* historyPageCode */ = {
			isa = PBXGroup;
			children = (
				CEEB247C2858C24D00E8237E /* Controllers */,
				CEEB24792858A29700E8237E /* model */,
				CEEB2474285899EA00E8237E /* cells */,
				CEEB246028587B0C00E8237E /* AppDelegate.swift */,
				CEEB246228587B0C00E8237E /* SceneDelegate.swift */,
				CEEB246928587B1100E8237E /* Assets.xcassets */,
				CEEB246B28587B1100E8237E /* LaunchScreen.storyboard */,
				CEEB246E28587B1100E8237E /* Info.plist */,
			);
			path = historyPageCode;
			sourceTree = "<group>";
		};
		CEEB2474285899EA00E8237E /* cells */ = {
			isa = PBXGroup;
			children = (
				CEEB247528589A0D00E8237E /* transactionTableViewCell.swift */,
				CEEB247628589A0D00E8237E /* transactionTableViewCell.xib */,
			);
			path = cells;
			sourceTree = "<group>";
		};
		CEEB24792858A29700E8237E /* model */ = {
			isa = PBXGroup;
			children = (
				CEEB247A2858A2A300E8237E /* Customer.swift */,
			);
			path = model;
			sourceTree = "<group>";
		};
		CEEB247C2858C24D00E8237E /* Controllers */ = {
			isa = PBXGroup;
			children = (
				CEEB246428587B0C00E8237E /* ViewController.swift */,
				CEEB247D2858C28000E8237E /* SendViewController.swift */,
				CEEB247F2858C2A500E8237E /* HistoryViewController.swift */,
				CEEB24812858C2BF00E8237E /* ScheduledViewController.swift */,
			);
			path = Controllers;
			sourceTree = "<group>";
		};
/* End PBXGroup section */

/* Begin PBXNativeTarget section */
		CEEB245C28587B0C00E8237E /* historyPageCode */ = {
			isa = PBXNativeTarget;
			buildConfigurationList = CEEB247128587B1100E8237E /* Build configuration list for PBXNativeTarget "historyPageCode" */;
			buildPhases = (
				CEEB245928587B0C00E8237E /* Sources */,
				CEEB245A28587B0C00E8237E /* Frameworks */,
				CEEB245B28587B0C00E8237E /* Resources */,
			);
			buildRules = (
			);
			dependencies = (
			);
			name = historyPageCode;
			productName = historyPageCode;
			productReference = CEEB245D28587B0C00E8237E /* historyPageCode.app */;
			productType = "com.apple.product-type.application";
		};
/* End PBXNativeTarget section */

/* Begin PBXProject section */
		CEEB245528587B0C00E8237E /* Project object */ = {
			isa = PBXProject;
			attributes = {
				BuildIndependentTargetsInParallel = 1;
				LastSwiftUpdateCheck = 1330;
				LastUpgradeCheck = 1330;
				TargetAttributes = {
					CEEB245C28587B0C00E8237E = {
						CreatedOnToolsVersion = 13.3;
					};
				};
			};
			buildConfigurationList = CEEB245828587B0C00E8237E /* Build configuration list for PBXProject "historyPageCode" */;
			compatibilityVersion = "Xcode 13.0";
			developmentRegion = en;
			hasScannedForEncodings = 0;
			knownRegions = (
				en,
				Base,
			);
			mainGroup = CEEB245428587B0C00E8237E;
			productRefGroup = CEEB245E28587B0C00E8237E /* Products */;
			projectDirPath = "";
			projectRoot = "";
			targets = (
				CEEB245C28587B0C00E8237E /* historyPageCode */,
			);
		};
/* End PBXProject section */

/* Begin PBXResourcesBuildPhase section */
		CEEB245B28587B0C00E8237E /* Resources */ = {
			isa = PBXResourcesBuildPhase;
			buildActionMask = 2147483647;
			files = (
				CEEB246D28587B1100E8237E /* LaunchScreen.storyboard in Resources */,
				CEEB246A28587B1100E8237E /* Assets.xcassets in Resources */,
				CEEB247828589A0D00E8237E /* transactionTableViewCell.xib in Resources */,
			);
			runOnlyForDeploymentPostprocessing = 0;
		};
/* End PBXResourcesBuildPhase section */

/* Begin PBXSourcesBuildPhase section */
		CEEB245928587B0C00E8237E /* Sources */ = {
			isa = PBXSourcesBuildPhase;
			buildActionMask = 2147483647;
			files = (
				CEEB24822858C2BF00E8237E /* ScheduledViewController.swift in Sources */,
				CEEB246528587B0C00E8237E /* ViewController.swift in Sources */,
				CEEB247B2858A2A300E8237E /* Customer.swift in Sources */,
				CEEB247E2858C28000E8237E /* SendViewController.swift in Sources */,
				CEEB246128587B0C00E8237E /* AppDelegate.swift in Sources */,
				CEEB247728589A0D00E8237E /* transactionTableViewCell.swift in Sources */,
				CEEB24802858C2A500E8237E /* HistoryViewController.swift in Sources */,
				CEEB246328587B0C00E8237E /* SceneDelegate.swift in Sources */,
			);
			runOnlyForDeploymentPostprocessing = 0;
		};
/* End PBXSourcesBuildPhase section */

/* Begin PBXVariantGroup section */
		CEEB246B28587B1100E8237E /* LaunchScreen.storyboard */ = {
			isa = PBXVariantGroup;
			children = (
				CEEB246C28587B1100E8237E /* Base */,
			);
			name = LaunchScreen.storyboard;
			sourceTree = "<group>";
		};
/* End PBXVariantGroup section */

/* Begin XCBuildConfiguration section */
		CEEB246F28587B1100E8237E /* Debug */ = {
			isa = XCBuildConfiguration;
			buildSettings = {
				ALWAYS_SEARCH_USER_PATHS = NO;
				CLANG_ANALYZER_NONNULL = YES;
				CLANG_ANALYZER_NUMBER_OBJECT_CONVERSION = YES_AGGRESSIVE;
				CLANG_CXX_LANGUAGE_STANDARD = "gnu++17";
				CLANG_ENABLE_MODULES = YES;
				CLANG_ENABLE_OBJC_ARC = YES;
				CLANG_ENABLE_OBJC_WEAK = YES;
				CLANG_WARN_BLOCK_CAPTURE_AUTORELEASING = YES;
				CLANG_WARN_BOOL_CONVERSION = YES;
				CLANG_WARN_COMMA = YES;
				CLANG_WARN_CONSTANT_CONVERSION = YES;
				CLANG_WARN_DEPRECATED_OBJC_IMPLEMENTATIONS = YES;
				CLANG_WARN_DIRECT_OBJC_ISA_USAGE = YES_ERROR;
				CLANG_WARN_DOCUMENTATION_COMMENTS = YES;
				CLANG_WARN_EMPTY_BODY = YES;
				CLANG_WARN_ENUM_CONVERSION = YES;
				CLANG_WARN_INFINITE_RECURSION = YES;
				CLANG_WARN_INT_CONVERSION = YES;
				CLANG_WARN_NON_LITERAL_NULL_CONVERSION = YES;
				CLANG_WARN_OBJC_IMPLICIT_RETAIN_SELF = YES;
				CLANG_WARN_OBJC_LITERAL_CONVERSION = YES;
				CLANG_WARN_OBJC_ROOT_CLASS = YES_ERROR;
				CLANG_WARN_QUOTED_INCLUDE_IN_FRAMEWORK_HEADER = YES;
				CLANG_WARN_RANGE_LOOP_ANALYSIS = YES;
				CLANG_WARN_STRICT_PROTOTYPES = YES;
				CLANG_WARN_SUSPICIOUS_MOVE = YES;
				CLANG_WARN_UNGUARDED_AVAILABILITY = YES_AGGRESSIVE;
				CLANG_WARN_UNREACHABLE_CODE = YES;
				CLANG_WARN__DUPLICATE_METHOD_MATCH = YES;
				COPY_PHASE_STRIP = NO;
				DEBUG_INFORMATION_FORMAT = dwarf;
				ENABLE_STRICT_OBJC_MSGSEND = YES;
				ENABLE_TESTABILITY = YES;
				GCC_C_LANGUAGE_STANDARD = gnu11;
				GCC_DYNAMIC_NO_PIC = NO;
				GCC_NO_COMMON_BLOCKS = YES;
				GCC_OPTIMIZATION_LEVEL = 0;
				GCC_PREPROCESSOR_DEFINITIONS = (
					"DEBUG=1",
					"$(inherited)",
				);
				GCC_WARN_64_TO_32_BIT_CONVERSION = YES;
				GCC_WARN_ABOUT_RETURN_TYPE = YES_ERROR;
				GCC_WARN_UNDECLARED_SELECTOR = YES;
				GCC_WARN_UNINITIALIZED_AUTOS = YES_AGGRESSIVE;
				GCC_WARN_UNUSED_FUNCTION = YES;
				GCC_WARN_UNUSED_VARIABLE = YES;
				IPHONEOS_DEPLOYMENT_TARGET = 15.4;
				MTL_ENABLE_DEBUG_INFO = INCLUDE_SOURCE;
				MTL_FAST_MATH = YES;
				ONLY_ACTIVE_ARCH = YES;
				SDKROOT = iphoneos;
				SWIFT_ACTIVE_COMPILATION_CONDITIONS = DEBUG;
				SWIFT_OPTIMIZATION_LEVEL = "-Onone";
			};
			name = Debug;
		};
		CEEB247028587B1100E8237E /* Release */ = {
			isa = XCBuildConfiguration;
			buildSettings = {
				ALWAYS_SEARCH_USER_PATHS = NO;
				CLANG_ANALYZER_NONNULL = YES;
				CLANG_ANALYZER_NUMBER_OBJECT_CONVERSION = YES_AGGRESSIVE;
				CLANG_CXX_LANGUAGE_STANDARD = "gnu++17";
				CLANG_ENABLE_MODULES = YES;
				CLANG_ENABLE_OBJC_ARC = YES;
				CLANG_ENABLE_OBJC_WEAK = YES;
				CLANG_WARN_BLOCK_CAPTURE_AUTORELEASING = YES;
				CLANG_WARN_BOOL_CONVERSION = YES;
				CLANG_WARN_COMMA = YES;
				CLANG_WARN_CONSTANT_CONVERSION = YES;
				CLANG_WARN_DEPRECATED_OBJC_IMPLEMENTATIONS = YES;
				CLANG_WARN_DIRECT_OBJC_ISA_USAGE = YES_ERROR;
				CLANG_WARN_DOCUMENTATION_COMMENTS = YES;
				CLANG_WARN_EMPTY_BODY = YES;
				CLANG_WARN_ENUM_CONVERSION = YES;
				CLANG_WARN_INFINITE_RECURSION = YES;
				CLANG_WARN_INT_CONVERSION = YES;
				CLANG_WARN_NON_LITERAL_NULL_CONVERSION = YES;
				CLANG_WARN_OBJC_IMPLICIT_RETAIN_SELF = YES;
				CLANG_WARN_OBJC_LITERAL_CONVERSION = YES;
				CLANG_WARN_OBJC_ROOT_CLASS = YES_ERROR;
				CLANG_WARN_QUOTED_INCLUDE_IN_FRAMEWORK_HEADER = YES;
				CLANG_WARN_RANGE_LOOP_ANALYSIS = YES;
				CLANG_WARN_STRICT_PROTOTYPES = YES;
				CLANG_WARN_SUSPICIOUS_MOVE = YES;
				CLANG_WARN_UNGUARDED_AVAILABILITY = YES_AGGRESSIVE;
				CLANG_WARN_UNREACHABLE_CODE = YES;
				CLANG_WARN__DUPLICATE_METHOD_MATCH = YES;
				COPY_PHASE_STRIP = NO;
				DEBUG_INFORMATION_FORMAT = "dwarf-with-dsym";
				ENABLE_NS_ASSERTIONS = NO;
				ENABLE_STRICT_OBJC_MSGSEND = YES;
				GCC_C_LANGUAGE_STANDARD = gnu11;
				GCC_NO_COMMON_BLOCKS = YES;
				GCC_WARN_64_TO_32_BIT_CONVERSION = YES;
				GCC_WARN_ABOUT_RETURN_TYPE = YES_ERROR;
				GCC_WARN_UNDECLARED_SELECTOR = YES;
				GCC_WARN_UNINITIALIZED_AUTOS = YES_AGGRESSIVE;
				GCC_WARN_UNUSED_FUNCTION = YES;
				GCC_WARN_UNUSED_VARIABLE = YES;
				IPHONEOS_DEPLOYMENT_TARGET = 15.4;
				MTL_ENABLE_DEBUG_INFO = NO;
				MTL_FAST_MATH = YES;
				SDKROOT = iphoneos;
				SWIFT_COMPILATION_MODE = wholemodule;
				SWIFT_OPTIMIZATION_LEVEL = "-O";
				VALIDATE_PRODUCT = YES;
			};
			name = Release;
		};
		CEEB247228587B1100E8237E /* Debug */ = {
			isa = XCBuildConfiguration;
			buildSettings = {
				ASSETCATALOG_COMPILER_APPICON_NAME = AppIcon;
				ASSETCATALOG_COMPILER_GLOBAL_ACCENT_COLOR_NAME = AccentColor;
				CODE_SIGN_STYLE = Automatic;
				CURRENT_PROJECT_VERSION = 1;
				GENERATE_INFOPLIST_FILE = YES;
				INFOPLIST_FILE = historyPageCode/Info.plist;
				INFOPLIST_KEY_UIApplicationSupportsIndirectInputEvents = YES;
				INFOPLIST_KEY_UILaunchStoryboardName = LaunchScreen;
				INFOPLIST_KEY_UISupportedInterfaceOrientations_iPad = "UIInterfaceOrientationPortrait UIInterfaceOrientationPortraitUpsideDown UIInterfaceOrientationLandscapeLeft UIInterfaceOrientationLandscapeRight";
				INFOPLIST_KEY_UISupportedInterfaceOrientations_iPhone = "UIInterfaceOrientationPortrait UIInterfaceOrientationLandscapeLeft UIInterfaceOrientationLandscapeRight";
				LD_RUNPATH_SEARCH_PATHS = (
					"$(inherited)",
					"@executable_path/Frameworks",
				);
				MARKETING_VERSION = 1.0;
				PRODUCT_BUNDLE_IDENTIFIER = mcgenius.historyPageCode;
				PRODUCT_NAME = "$(TARGET_NAME)";
				SWIFT_EMIT_LOC_STRINGS = YES;
				SWIFT_VERSION = 5.0;
				TARGETED_DEVICE_FAMILY = "1,2";
			};
			name = Debug;
		};
		CEEB247328587B1100E8237E /* Release */ = {
			isa = XCBuildConfiguration;
			buildSettings = {
				ASSETCATALOG_COMPILER_APPICON_NAME = AppIcon;
				ASSETCATALOG_COMPILER_GLOBAL_ACCENT_COLOR_NAME = AccentColor;
				CODE_SIGN_STYLE = Automatic;
				CURRENT_PROJECT_VERSION = 1;
				GENERATE_INFOPLIST_FILE = YES;
				INFOPLIST_FILE = historyPageCode/Info.plist;
				INFOPLIST_KEY_UIApplicationSupportsIndirectInputEvents = YES;
				INFOPLIST_KEY_UILaunchStoryboardName = LaunchScreen;
				INFOPLIST_KEY_UISupportedInterfaceOrientations_iPad = "UIInterfaceOrientationPortrait UIInterfaceOrientationPortraitUpsideDown UIInterfaceOrientationLandscapeLeft UIInterfaceOrientationLandscapeRight";
				INFOPLIST_KEY_UISupportedInterfaceOrientations_iPhone = "UIInterfaceOrientationPortrait UIInterfaceOrientationLandscapeLeft UIInterfaceOrientationLandscapeRight";
				LD_RUNPATH_SEARCH_PATHS = (
					"$(inherited)",
					"@executable_path/Frameworks",
				);
				MARKETING_VERSION = 1.0;
				PRODUCT_BUNDLE_IDENTIFIER = mcgenius.historyPageCode;
				PRODUCT_NAME = "$(TARGET_NAME)";
				SWIFT_EMIT_LOC_STRINGS = YES;
				SWIFT_VERSION = 5.0;
				TARGETED_DEVICE_FAMILY = "1,2";
			};
			name = Release;
		};
/* End XCBuildConfiguration section */

/* Begin XCConfigurationList section */
		CEEB245828587B0C00E8237E /* Build configuration list for PBXProject "historyPageCode" */ = {
			isa = XCConfigurationList;
			buildConfigurations = (
				CEEB246F28587B1100E8237E /* Debug */,
				CEEB247028587B1100E8237E /* Release */,
			);
			defaultConfigurationIsVisible = 0;
			defaultConfigurationName = Release;
		};
		CEEB247128587B1100E8237E /* Build configuration list for PBXNativeTarget "historyPageCode" */ = {
			isa = XCConfigurationList;
			buildConfigurations = (
				CEEB247228587B1100E8237E /* Debug */,
				CEEB247328587B1100E8237E /* Release */,
			);
			defaultConfigurationIsVisible = 0;
			defaultConfigurationName = Release;
		};
/* End XCConfigurationList section */
	};
	rootObject = CEEB245528587B0C00E8237E /* Project object */;
}
